// !$*UTF8*$!
{
	archiveVersion = 1;
	classes = {
	};
	objectVersion = 55;
	objects = {

/* Begin PBXBuildFile section */
		84CAEAE228C3F031008A9D4B /* AppDelegate.swift in Sources */ = {isa = PBXBuildFile; fileRef = 84CAEAE128C3F031008A9D4B /* AppDelegate.swift */; };
		84CAEAE428C3F031008A9D4B /* SceneDelegate.swift in Sources */ = {isa = PBXBuildFile; fileRef = 84CAEAE328C3F031008A9D4B /* SceneDelegate.swift */; };
		84CAEAE628C3F031008A9D4B /* ViewController.swift in Sources */ = {isa = PBXBuildFile; fileRef = 84CAEAE528C3F031008A9D4B /* ViewController.swift */; };
		84CAEAE928C3F031008A9D4B /* Main.storyboard in Resources */ = {isa = PBXBuildFile; fileRef = 84CAEAE728C3F031008A9D4B /* Main.storyboard */; };
		84CAEAEB28C3F032008A9D4B /* Assets.xcassets in Resources */ = {isa = PBXBuildFile; fileRef = 84CAEAEA28C3F032008A9D4B /* Assets.xcassets */; };
		84CAEAEE28C3F032008A9D4B /* LaunchScreen.storyboard in Resources */ = {isa = PBXBuildFile; fileRef = 84CAEAEC28C3F032008A9D4B /* LaunchScreen.storyboard */; };
		84CAEAF928C3F032008A9D4B /* Unit_1_Light_ProjectTests.swift in Sources */ = {isa = PBXBuildFile; fileRef = 84CAEAF828C3F032008A9D4B /* Unit_1_Light_ProjectTests.swift */; };
		84CAEB0328C3F032008A9D4B /* Unit_1_Light_ProjectUITests.swift in Sources */ = {isa = PBXBuildFile; fileRef = 84CAEB0228C3F032008A9D4B /* Unit_1_Light_ProjectUITests.swift */; };
		84CAEB0528C3F032008A9D4B /* Unit_1_Light_ProjectUITestsLaunchTests.swift in Sources */ = {isa = PBXBuildFile; fileRef = 84CAEB0428C3F032008A9D4B /* Unit_1_Light_ProjectUITestsLaunchTests.swift */; };
/* End PBXBuildFile section */

/* Begin PBXContainerItemProxy section */
		84CAEAF528C3F032008A9D4B /* PBXContainerItemProxy */ = {
			isa = PBXContainerItemProxy;
			containerPortal = 84CAEAD628C3F031008A9D4B /* Project object */;
			proxyType = 1;
			remoteGlobalIDString = 84CAEADD28C3F031008A9D4B;
			remoteInfo = "Unit 1 Light Project";
		};
		84CAEAFF28C3F032008A9D4B /* PBXContainerItemProxy */ = {
			isa = PBXContainerItemProxy;
			containerPortal = 84CAEAD628C3F031008A9D4B /* Project object */;
			proxyType = 1;
			remoteGlobalIDString = 84CAEADD28C3F031008A9D4B;
			remoteInfo = "Unit 1 Light Project";
		};
/* End PBXContainerItemProxy section */

/* Begin PBXFileReference section */
		84CAEADE28C3F031008A9D4B /* Unit 1 Light Project.app */ = {isa = PBXFileReference; explicitFileType = wrapper.application; includeInIndex = 0; path = "Unit 1 Light Project.app"; sourceTree = BUILT_PRODUCTS_DIR; };
		84CAEAE128C3F031008A9D4B /* AppDelegate.swift */ = {isa = PBXFileReference; lastKnownFileType = sourcecode.swift; path = AppDelegate.swift; sourceTree = "<group>"; };
		84CAEAE328C3F031008A9D4B /* SceneDelegate.swift */ = {isa = PBXFileReference; lastKnownFileType = sourcecode.swift; path = SceneDelegate.swift; sourceTree = "<group>"; };
		84CAEAE528C3F031008A9D4B /* ViewController.swift */ = {isa = PBXFileReference; lastKnownFileType = sourcecode.swift; path = ViewController.swift; sourceTree = "<group>"; };
		84CAEAE828C3F031008A9D4B /* Base */ = {isa = PBXFileReference; lastKnownFileType = file.storyboard; name = Base; path = Base.lproj/Main.storyboard; sourceTree = "<group>"; };
		84CAEAEA28C3F032008A9D4B /* Assets.xcassets */ = {isa = PBXFileReference; lastKnownFileType = folder.assetcatalog; path = Assets.xcassets; sourceTree = "<group>"; };
		84CAEAED28C3F032008A9D4B /* Base */ = {isa = PBXFileReference; lastKnownFileType = file.storyboard; name = Base; path = Base.lproj/LaunchScreen.storyboard; sourceTree = "<group>"; };
		84CAEAEF28C3F032008A9D4B /* Info.plist */ = {isa = PBXFileReference; lastKnownFileType = text.plist.xml; path = Info.plist; sourceTree = "<group>"; };
		84CAEAF428C3F032008A9D4B /* Unit 1 Light ProjectTests.xctest */ = {isa = PBXFileReference; explicitFileType = wrapper.cfbundle; includeInIndex = 0; path = "Unit 1 Light ProjectTests.xctest"; sourceTree = BUILT_PRODUCTS_DIR; };
		84CAEAF828C3F032008A9D4B /* Unit_1_Light_ProjectTests.swift */ = {isa = PBXFileReference; lastKnownFileType = sourcecode.swift; path = Unit_1_Light_ProjectTests.swift; sourceTree = "<group>"; };
		84CAEAFE28C3F032008A9D4B /* Unit 1 Light ProjectUITests.xctest */ = {isa = PBXFileReference; explicitFileType = wrapper.cfbundle; includeInIndex = 0; path = "Unit 1 Light ProjectUITests.xctest"; sourceTree = BUILT_PRODUCTS_DIR; };
		84CAEB0228C3F032008A9D4B /* Unit_1_Light_ProjectUITests.swift */ = {isa = PBXFileReference; lastKnownFileType = sourcecode.swift; path = Unit_1_Light_ProjectUITests.swift; sourceTree = "<group>"; };
		84CAEB0428C3F032008A9D4B /* Unit_1_Light_ProjectUITestsLaunchTests.swift */ = {isa = PBXFileReference; lastKnownFileType = sourcecode.swift; path = Unit_1_Light_ProjectUITestsLaunchTests.swift; sourceTree = "<group>"; };
/* End PBXFileReference section */

/* Begin PBXFrameworksBuildPhase section */
		84CAEADB28C3F031008A9D4B /* Frameworks */ = {
			isa = PBXFrameworksBuildPhase;
			buildActionMask = 2147483647;
			files = (
			);
			runOnlyForDeploymentPostprocessing = 0;
		};
		84CAEAF128C3F032008A9D4B /* Frameworks */ = {
			isa = PBXFrameworksBuildPhase;
			buildActionMask = 2147483647;
			files = (
			);
			runOnlyForDeploymentPostprocessing = 0;
		};
		84CAEAFB28C3F032008A9D4B /* Frameworks */ = {
			isa = PBXFrameworksBuildPhase;
			buildActionMask = 2147483647;
			files = (
			);
			runOnlyForDeploymentPostprocessing = 0;
		};
/* End PBXFrameworksBuildPhase section */

/* Begin PBXGroup section */
		84CAEAD528C3F031008A9D4B = {
			isa = PBXGroup;
			children = (
				84CAEAE028C3F031008A9D4B /* Unit 1 Light Project */,
				84CAEAF728C3F032008A9D4B /* Unit 1 Light ProjectTests */,
				84CAEB0128C3F032008A9D4B /* Unit 1 Light ProjectUITests */,
				84CAEADF28C3F031008A9D4B /* Products */,
			);
			sourceTree = "<group>";
		};
		84CAEADF28C3F031008A9D4B /* Products */ = {
			isa = PBXGroup;
			children = (
				84CAEADE28C3F031008A9D4B /* Unit 1 Light Project.app */,
				84CAEAF428C3F032008A9D4B /* Unit 1 Light ProjectTests.xctest */,
				84CAEAFE28C3F032008A9D4B /* Unit 1 Light ProjectUITests.xctest */,
			);
			name = Products;
			sourceTree = "<group>";
		};
		84CAEAE028C3F031008A9D4B /* Unit 1 Light Project */ = {
			isa = PBXGroup;
			children = (
				84CAEAE128C3F031008A9D4B /* AppDelegate.swift */,
				84CAEAE328C3F031008A9D4B /* SceneDelegate.swift */,
				84CAEAE528C3F031008A9D4B /* ViewController.swift */,
				84CAEAE728C3F031008A9D4B /* Main.storyboard */,
				84CAEAEA28C3F032008A9D4B /* Assets.xcassets */,
				84CAEAEC28C3F032008A9D4B /* LaunchScreen.storyboard */,
				84CAEAEF28C3F032008A9D4B /* Info.plist */,
			);
			path = "Unit 1 Light Project";
			sourceTree = "<group>";
		};
		84CAEAF728C3F032008A9D4B /* Unit 1 Light ProjectTests */ = {
			isa = PBXGroup;
			children = (
				84CAEAF828C3F032008A9D4B /* Unit_1_Light_ProjectTests.swift */,
			);
			path = "Unit 1 Light ProjectTests";
			sourceTree = "<group>";
		};
		84CAEB0128C3F032008A9D4B /* Unit 1 Light ProjectUITests */ = {
			isa = PBXGroup;
			children = (
				84CAEB0228C3F032008A9D4B /* Unit_1_Light_ProjectUITests.swift */,
				84CAEB0428C3F032008A9D4B /* Unit_1_Light_ProjectUITestsLaunchTests.swift */,
			);
			path = "Unit 1 Light ProjectUITests";
			sourceTree = "<group>";
		};
/* End PBXGroup section */

/* Begin PBXNativeTarget section */
		84CAEADD28C3F031008A9D4B /* Unit 1 Light Project */ = {
			isa = PBXNativeTarget;
			buildConfigurationList = 84CAEB0828C3F032008A9D4B /* Build configuration list for PBXNativeTarget "Unit 1 Light Project" */;
			buildPhases = (
				84CAEADA28C3F031008A9D4B /* Sources */,
				84CAEADB28C3F031008A9D4B /* Frameworks */,
				84CAEADC28C3F031008A9D4B /* Resources */,
			);
			buildRules = (
			);
			dependencies = (
			);
			name = "Unit 1 Light Project";
			productName = "Unit 1 Light Project";
			productReference = 84CAEADE28C3F031008A9D4B /* Unit 1 Light Project.app */;
			productType = "com.apple.product-type.application";
		};
		84CAEAF328C3F032008A9D4B /* Unit 1 Light ProjectTests */ = {
			isa = PBXNativeTarget;
			buildConfigurationList = 84CAEB0B28C3F032008A9D4B /* Build configuration list for PBXNativeTarget "Unit 1 Light ProjectTests" */;
			buildPhases = (
				84CAEAF028C3F032008A9D4B /* Sources */,
				84CAEAF128C3F032008A9D4B /* Frameworks */,
				84CAEAF228C3F032008A9D4B /* Resources */,
			);
			buildRules = (
			);
			dependencies = (
				84CAEAF628C3F032008A9D4B /* PBXTargetDependency */,
			);
			name = "Unit 1 Light ProjectTests";
			productName = "Unit 1 Light ProjectTests";
			productReference = 84CAEAF428C3F032008A9D4B /* Unit 1 Light ProjectTests.xctest */;
			productType = "com.apple.product-type.bundle.unit-test";
		};
		84CAEAFD28C3F032008A9D4B /* Unit 1 Light ProjectUITests */ = {
			isa = PBXNativeTarget;
			buildConfigurationList = 84CAEB0E28C3F032008A9D4B /* Build configuration list for PBXNativeTarget "Unit 1 Light ProjectUITests" */;
			buildPhases = (
				84CAEAFA28C3F032008A9D4B /* Sources */,
				84CAEAFB28C3F032008A9D4B /* Frameworks */,
				84CAEAFC28C3F032008A9D4B /* Resources */,
			);
			buildRules = (
			);
			dependencies = (
				84CAEB0028C3F032008A9D4B /* PBXTargetDependency */,
			);
			name = "Unit 1 Light ProjectUITests";
			productName = "Unit 1 Light ProjectUITests";
			productReference = 84CAEAFE28C3F032008A9D4B /* Unit 1 Light ProjectUITests.xctest */;
			productType = "com.apple.product-type.bundle.ui-testing";
		};
/* End PBXNativeTarget section */

/* Begin PBXProject section */
		84CAEAD628C3F031008A9D4B /* Project object */ = {
			isa = PBXProject;
			attributes = {
				BuildIndependentTargetsInParallel = 1;
				LastSwiftUpdateCheck = 1340;
				LastUpgradeCheck = 1340;
				TargetAttributes = {
					84CAEADD28C3F031008A9D4B = {
						CreatedOnToolsVersion = 13.4.1;
					};
					84CAEAF328C3F032008A9D4B = {
						CreatedOnToolsVersion = 13.4.1;
						TestTargetID = 84CAEADD28C3F031008A9D4B;
					};
					84CAEAFD28C3F032008A9D4B = {
						CreatedOnToolsVersion = 13.4.1;
						TestTargetID = 84CAEADD28C3F031008A9D4B;
					};
				};
			};
			buildConfigurationList = 84CAEAD928C3F031008A9D4B /* Build configuration list for PBXProject "Unit 1 Light Project" */;
			compatibilityVersion = "Xcode 13.0";
			developmentRegion = en;
			hasScannedForEncodings = 0;
			knownRegions = (
				en,
				Base,
			);
			mainGroup = 84CAEAD528C3F031008A9D4B;
			productRefGroup = 84CAEADF28C3F031008A9D4B /* Products */;
			projectDirPath = "";
			projectRoot = "";
			targets = (
				84CAEADD28C3F031008A9D4B /* Unit 1 Light Project */,
				84CAEAF328C3F032008A9D4B /* Unit 1 Light ProjectTests */,
				84CAEAFD28C3F032008A9D4B /* Unit 1 Light ProjectUITests */,
			);
		};
/* End PBXProject section */

/* Begin PBXResourcesBuildPhase section */
		84CAEADC28C3F031008A9D4B /* Resources */ = {
			isa = PBXResourcesBuildPhase;
			buildActionMask = 2147483647;
			files = (
				84CAEAEE28C3F032008A9D4B /* LaunchScreen.storyboard in Resources */,
				84CAEAEB28C3F032008A9D4B /* Assets.xcassets in Resources */,
				84CAEAE928C3F031008A9D4B /* Main.storyboard in Resources */,
			);
			runOnlyForDeploymentPostprocessing = 0;
		};
		84CAEAF228C3F032008A9D4B /* Resources */ = {
			isa = PBXResourcesBuildPhase;
			buildActionMask = 2147483647;
			files = (
			);
			runOnlyForDeploymentPostprocessing = 0;
		};
		84CAEAFC28C3F032008A9D4B /* Resources */ = {
			isa = PBXResourcesBuildPhase;
			buildActionMask = 2147483647;
			files = (
			);
			runOnlyForDeploymentPostprocessing = 0;
		};
/* End PBXResourcesBuildPhase section */

/* Begin PBXSourcesBuildPhase section */
		84CAEADA28C3F031008A9D4B /* Sources */ = {
			isa = PBXSourcesBuildPhase;
			buildActionMask = 2147483647;
			files = (
				84CAEAE628C3F031008A9D4B /* ViewController.swift in Sources */,
				84CAEAE228C3F031008A9D4B /* AppDelegate.swift in Sources */,
				84CAEAE428C3F031008A9D4B /* SceneDelegate.swift in Sources */,
			);
			runOnlyForDeploymentPostprocessing = 0;
		};
		84CAEAF028C3F032008A9D4B /* Sources */ = {
			isa = PBXSourcesBuildPhase;
			buildActionMask = 2147483647;
			files = (
				84CAEAF928C3F032008A9D4B /* Unit_1_Light_ProjectTests.swift in Sources */,
			);
			runOnlyForDeploymentPostprocessing = 0;
		};
		84CAEAFA28C3F032008A9D4B /* Sources */ = {
			isa = PBXSourcesBuildPhase;
			buildActionMask = 2147483647;
			files = (
				84CAEB0328C3F032008A9D4B /* Unit_1_Light_ProjectUITests.swift in Sources */,
				84CAEB0528C3F032008A9D4B /* Unit_1_Light_ProjectUITestsLaunchTests.swift in Sources */,
			);
			runOnlyForDeploymentPostprocessing = 0;
		};
/* End PBXSourcesBuildPhase section */

/* Begin PBXTargetDependency section */
		84CAEAF628C3F032008A9D4B /* PBXTargetDependency */ = {
			isa = PBXTargetDependency;
			target = 84CAEADD28C3F031008A9D4B /* Unit 1 Light Project */;
			targetProxy = 84CAEAF528C3F032008A9D4B /* PBXContainerItemProxy */;
		};
		84CAEB0028C3F032008A9D4B /* PBXTargetDependency */ = {
			isa = PBXTargetDependency;
			target = 84CAEADD28C3F031008A9D4B /* Unit 1 Light Project */;
			targetProxy = 84CAEAFF28C3F032008A9D4B /* PBXContainerItemProxy */;
		};
/* End PBXTargetDependency section */

/* Begin PBXVariantGroup section */
		84CAEAE728C3F031008A9D4B /* Main.storyboard */ = {
			isa = PBXVariantGroup;
			children = (
				84CAEAE828C3F031008A9D4B /* Base */,
			);
			name = Main.storyboard;
			sourceTree = "<group>";
		};
		84CAEAEC28C3F032008A9D4B /* LaunchScreen.storyboard */ = {
			isa = PBXVariantGroup;
			children = (
				84CAEAED28C3F032008A9D4B /* Base */,
			);
			name = LaunchScreen.storyboard;
			sourceTree = "<group>";
		};
/* End PBXVariantGroup section */

/* Begin XCBuildConfiguration section */
		84CAEB0628C3F032008A9D4B /* Debug */ = {
			isa = XCBuildConfiguration;
			buildSettings = {
				ALWAYS_SEARCH_USER_PATHS = NO;
				CLANG_ANALYZER_NONNULL = YES;
				CLANG_ANALYZER_NUMBER_OBJECT_CONVERSION = YES_AGGRESSIVE;
				CLANG_CXX_LANGUAGE_STANDARD = "gnu++17";
				CLANG_ENABLE_MODULES = YES;
				CLANG_ENABLE_OBJC_ARC = YES;
				CLANG_ENABLE_OBJC_WEAK = YES;
				CLANG_WARN_BLOCK_CAPTURE_AUTORELEASING = YES;
				CLANG_WARN_BOOL_CONVERSION = YES;
				CLANG_WARN_COMMA = YES;
				CLANG_WARN_CONSTANT_CONVERSION = YES;
				CLANG_WARN_DEPRECATED_OBJC_IMPLEMENTATIONS = YES;
				CLANG_WARN_DIRECT_OBJC_ISA_USAGE = YES_ERROR;
				CLANG_WARN_DOCUMENTATION_COMMENTS = YES;
				CLANG_WARN_EMPTY_BODY = YES;
				CLANG_WARN_ENUM_CONVERSION = YES;
				CLANG_WARN_INFINITE_RECURSION = YES;
				CLANG_WARN_INT_CONVERSION = YES;
				CLANG_WARN_NON_LITERAL_NULL_CONVERSION = YES;
				CLANG_WARN_OBJC_IMPLICIT_RETAIN_SELF = YES;
				CLANG_WARN_OBJC_LITERAL_CONVERSION = YES;
				CLANG_WARN_OBJC_ROOT_CLASS = YES_ERROR;
				CLANG_WARN_QUOTED_INCLUDE_IN_FRAMEWORK_HEADER = YES;
				CLANG_WARN_RANGE_LOOP_ANALYSIS = YES;
				CLANG_WARN_STRICT_PROTOTYPES = YES;
				CLANG_WARN_SUSPICIOUS_MOVE = YES;
				CLANG_WARN_UNGUARDED_AVAILABILITY = YES_AGGRESSIVE;
				CLANG_WARN_UNREACHABLE_CODE = YES;
				CLANG_WARN__DUPLICATE_METHOD_MATCH = YES;
				COPY_PHASE_STRIP = NO;
				DEBUG_INFORMATION_FORMAT = dwarf;
				ENABLE_STRICT_OBJC_MSGSEND = YES;
				ENABLE_TESTABILITY = YES;
				GCC_C_LANGUAGE_STANDARD = gnu11;
				GCC_DYNAMIC_NO_PIC = NO;
				GCC_NO_COMMON_BLOCKS = YES;
				GCC_OPTIMIZATION_LEVEL = 0;
				GCC_PREPROCESSOR_DEFINITIONS = (
					"DEBUG=1",
					"$(inherited)",
				);
				GCC_WARN_64_TO_32_BIT_CONVERSION = YES;
				GCC_WARN_ABOUT_RETURN_TYPE = YES_ERROR;
				GCC_WARN_UNDECLARED_SELECTOR = YES;
				GCC_WARN_UNINITIALIZED_AUTOS = YES_AGGRESSIVE;
				GCC_WARN_UNUSED_FUNCTION = YES;
				GCC_WARN_UNUSED_VARIABLE = YES;
				IPHONEOS_DEPLOYMENT_TARGET = 15.5;
				MTL_ENABLE_DEBUG_INFO = INCLUDE_SOURCE;
				MTL_FAST_MATH = YES;
				ONLY_ACTIVE_ARCH = YES;
				SDKROOT = iphoneos;
				SWIFT_ACTIVE_COMPILATION_CONDITIONS = DEBUG;
				SWIFT_OPTIMIZATION_LEVEL = "-Onone";
			};
			name = Debug;
		};
		84CAEB0728C3F032008A9D4B /* Release */ = {
			isa = XCBuildConfiguration;
			buildSettings = {
				ALWAYS_SEARCH_USER_PATHS = NO;
				CLANG_ANALYZER_NONNULL = YES;
				CLANG_ANALYZER_NUMBER_OBJECT_CONVERSION = YES_AGGRESSIVE;
				CLANG_CXX_LANGUAGE_STANDARD = "gnu++17";
				CLANG_ENABLE_MODULES = YES;
				CLANG_ENABLE_OBJC_ARC = YES;
				CLANG_ENABLE_OBJC_WEAK = YES;
				CLANG_WARN_BLOCK_CAPTURE_AUTORELEASING = YES;
				CLANG_WARN_BOOL_CONVERSION = YES;
				CLANG_WARN_COMMA = YES;
				CLANG_WARN_CONSTANT_CONVERSION = YES;
				CLANG_WARN_DEPRECATED_OBJC_IMPLEMENTATIONS = YES;
				CLANG_WARN_DIRECT_OBJC_ISA_USAGE = YES_ERROR;
				CLANG_WARN_DOCUMENTATION_COMMENTS = YES;
				CLANG_WARN_EMPTY_BODY = YES;
				CLANG_WARN_ENUM_CONVERSION = YES;
				CLANG_WARN_INFINITE_RECURSION = YES;
				CLANG_WARN_INT_CONVERSION = YES;
				CLANG_WARN_NON_LITERAL_NULL_CONVERSION = YES;
				CLANG_WARN_OBJC_IMPLICIT_RETAIN_SELF = YES;
				CLANG_WARN_OBJC_LITERAL_CONVERSION = YES;
				CLANG_WARN_OBJC_ROOT_CLASS = YES_ERROR;
				CLANG_WARN_QUOTED_INCLUDE_IN_FRAMEWORK_HEADER = YES;
				CLANG_WARN_RANGE_LOOP_ANALYSIS = YES;
				CLANG_WARN_STRICT_PROTOTYPES = YES;
				CLANG_WARN_SUSPICIOUS_MOVE = YES;
				CLANG_WARN_UNGUARDED_AVAILABILITY = YES_AGGRESSIVE;
				CLANG_WARN_UNREACHABLE_CODE = YES;
				CLANG_WARN__DUPLICATE_METHOD_MATCH = YES;
				COPY_PHASE_STRIP = NO;
				DEBUG_INFORMATION_FORMAT = "dwarf-with-dsym";
				ENABLE_NS_ASSERTIONS = NO;
				ENABLE_STRICT_OBJC_MSGSEND = YES;
				GCC_C_LANGUAGE_STANDARD = gnu11;
				GCC_NO_COMMON_BLOCKS = YES;
				GCC_WARN_64_TO_32_BIT_CONVERSION = YES;
				GCC_WARN_ABOUT_RETURN_TYPE = YES_ERROR;
				GCC_WARN_UNDECLARED_SELECTOR = YES;
				GCC_WARN_UNINITIALIZED_AUTOS = YES_AGGRESSIVE;
				GCC_WARN_UNUSED_FUNCTION = YES;
				GCC_WARN_UNUSED_VARIABLE = YES;
				IPHONEOS_DEPLOYMENT_TARGET = 15.5;
				MTL_ENABLE_DEBUG_INFO = NO;
				MTL_FAST_MATH = YES;
				SDKROOT = iphoneos;
				SWIFT_COMPILATION_MODE = wholemodule;
				SWIFT_OPTIMIZATION_LEVEL = "-O";
				VALIDATE_PRODUCT = YES;
			};
			name = Release;
		};
		84CAEB0928C3F032008A9D4B /* Debug */ = {
			isa = XCBuildConfiguration;
			buildSettings = {
				ASSETCATALOG_COMPILER_APPICON_NAME = AppIcon;
				ASSETCATALOG_COMPILER_GLOBAL_ACCENT_COLOR_NAME = AccentColor;
				CODE_SIGN_STYLE = Automatic;
				CURRENT_PROJECT_VERSION = 1;
				GENERATE_INFOPLIST_FILE = YES;
				INFOPLIST_FILE = "Unit 1 Light Project/Info.plist";
				INFOPLIST_KEY_UIApplicationSupportsIndirectInputEvents = YES;
				INFOPLIST_KEY_UILaunchStoryboardName = LaunchScreen;
				INFOPLIST_KEY_UIMainStoryboardFile = Main;
				INFOPLIST_KEY_UISupportedInterfaceOrientations_iPad = "UIInterfaceOrientationPortrait UIInterfaceOrientationPortraitUpsideDown UIInterfaceOrientationLandscapeLeft UIInterfaceOrientationLandscapeRight";
				INFOPLIST_KEY_UISupportedInterfaceOrientations_iPhone = "UIInterfaceOrientationPortrait UIInterfaceOrientationLandscapeLeft UIInterfaceOrientationLandscapeRight";
				LD_RUNPATH_SEARCH_PATHS = (
					"$(inherited)",
					"@executable_path/Frameworks",
				);
				MARKETING_VERSION = 1.0;
				PRODUCT_BUNDLE_IDENTIFIER = "com.amismith.Unit-1-Light-Project";
				PRODUCT_NAME = "$(TARGET_NAME)";
				SWIFT_EMIT_LOC_STRINGS = YES;
				SWIFT_VERSION = 5.0;
				TARGETED_DEVICE_FAMILY = "1,2";
			};
			name = Debug;
		};
		84CAEB0A28C3F032008A9D4B /* Release */ = {
			isa = XCBuildConfiguration;
			buildSettings = {
				ASSETCATALOG_COMPILER_APPICON_NAME = AppIcon;
				ASSETCATALOG_COMPILER_GLOBAL_ACCENT_COLOR_NAME = AccentColor;
				CODE_SIGN_STYLE = Automatic;
				CURRENT_PROJECT_VERSION = 1;
				GENERATE_INFOPLIST_FILE = YES;
				INFOPLIST_FILE = "Unit 1 Light Project/Info.plist";
				INFOPLIST_KEY_UIApplicationSupportsIndirectInputEvents = YES;
				INFOPLIST_KEY_UILaunchStoryboardName = LaunchScreen;
				INFOPLIST_KEY_UIMainStoryboardFile = Main;
				INFOPLIST_KEY_UISupportedInterfaceOrientations_iPad = "UIInterfaceOrientationPortrait UIInterfaceOrientationPortraitUpsideDown UIInterfaceOrientationLandscapeLeft UIInterfaceOrientationLandscapeRight";
				INFOPLIST_KEY_UISupportedInterfaceOrientations_iPhone = "UIInterfaceOrientationPortrait UIInterfaceOrientationLandscapeLeft UIInterfaceOrientationLandscapeRight";
				LD_RUNPATH_SEARCH_PATHS = (
					"$(inherited)",
					"@executable_path/Frameworks",
				);
				MARKETING_VERSION = 1.0;
				PRODUCT_BUNDLE_IDENTIFIER = "com.amismith.Unit-1-Light-Project";
				PRODUCT_NAME = "$(TARGET_NAME)";
				SWIFT_EMIT_LOC_STRINGS = YES;
				SWIFT_VERSION = 5.0;
				TARGETED_DEVICE_FAMILY = "1,2";
			};
			name = Release;
		};
		84CAEB0C28C3F032008A9D4B /* Debug */ = {
			isa = XCBuildConfiguration;
			buildSettings = {
				ALWAYS_EMBED_SWIFT_STANDARD_LIBRARIES = YES;
				BUNDLE_LOADER = "$(TEST_HOST)";
				CODE_SIGN_STYLE = Automatic;
				CURRENT_PROJECT_VERSION = 1;
				GENERATE_INFOPLIST_FILE = YES;
				IPHONEOS_DEPLOYMENT_TARGET = 15.5;
				MARKETING_VERSION = 1.0;
				PRODUCT_BUNDLE_IDENTIFIER = "com.amismith.Unit-1-Light-ProjectTests";
				PRODUCT_NAME = "$(TARGET_NAME)";
				SWIFT_EMIT_LOC_STRINGS = NO;
				SWIFT_VERSION = 5.0;
				TARGETED_DEVICE_FAMILY = "1,2";
				TEST_HOST = "$(BUILT_PRODUCTS_DIR)/Unit 1 Light Project.app/Unit 1 Light Project";
			};
			name = Debug;
		};
		84CAEB0D28C3F032008A9D4B /* Release */ = {
			isa = XCBuildConfiguration;
			buildSettings = {
				ALWAYS_EMBED_SWIFT_STANDARD_LIBRARIES = YES;
				BUNDLE_LOADER = "$(TEST_HOST)";
				CODE_SIGN_STYLE = Automatic;
				CURRENT_PROJECT_VERSION = 1;
				GENERATE_INFOPLIST_FILE = YES;
				IPHONEOS_DEPLOYMENT_TARGET = 15.5;
				MARKETING_VERSION = 1.0;
				PRODUCT_BUNDLE_IDENTIFIER = "com.amismith.Unit-1-Light-ProjectTests";
				PRODUCT_NAME = "$(TARGET_NAME)";
				SWIFT_EMIT_LOC_STRINGS = NO;
				SWIFT_VERSION = 5.0;
				TARGETED_DEVICE_FAMILY = "1,2";
				TEST_HOST = "$(BUILT_PRODUCTS_DIR)/Unit 1 Light Project.app/Unit 1 Light Project";
			};
			name = Release;
		};
		84CAEB0F28C3F032008A9D4B /* Debug */ = {
			isa = XCBuildConfiguration;
			buildSettings = {
				ALWAYS_EMBED_SWIFT_STANDARD_LIBRARIES = YES;
				CODE_SIGN_STYLE = Automatic;
				CURRENT_PROJECT_VERSION = 1;
				GENERATE_INFOPLIST_FILE = YES;
				MARKETING_VERSION = 1.0;
				PRODUCT_BUNDLE_IDENTIFIER = "com.amismith.Unit-1-Light-ProjectUITests";
				PRODUCT_NAME = "$(TARGET_NAME)";
				SWIFT_EMIT_LOC_STRINGS = NO;
				SWIFT_VERSION = 5.0;
				TARGETED_DEVICE_FAMILY = "1,2";
				TEST_TARGET_NAME = "Unit 1 Light Project";
			};
			name = Debug;
		};
		84CAEB1028C3F032008A9D4B /* Release */ = {
			isa = XCBuildConfiguration;
			buildSettings = {
				ALWAYS_EMBED_SWIFT_STANDARD_LIBRARIES = YES;
				CODE_SIGN_STYLE = Automatic;
				CURRENT_PROJECT_VERSION = 1;
				GENERATE_INFOPLIST_FILE = YES;
				MARKETING_VERSION = 1.0;
				PRODUCT_BUNDLE_IDENTIFIER = "com.amismith.Unit-1-Light-ProjectUITests";
				PRODUCT_NAME = "$(TARGET_NAME)";
				SWIFT_EMIT_LOC_STRINGS = NO;
				SWIFT_VERSION = 5.0;
				TARGETED_DEVICE_FAMILY = "1,2";
				TEST_TARGET_NAME = "Unit 1 Light Project";
			};
			name = Release;
		};
/* End XCBuildConfiguration section */

/* Begin XCConfigurationList section */
		84CAEAD928C3F031008A9D4B /* Build configuration list for PBXProject "Unit 1 Light Project" */ = {
			isa = XCConfigurationList;
			buildConfigurations = (
				84CAEB0628C3F032008A9D4B /* Debug */,
				84CAEB0728C3F032008A9D4B /* Release */,
			);
			defaultConfigurationIsVisible = 0;
			defaultConfigurationName = Release;
		};
		84CAEB0828C3F032008A9D4B /* Build configuration list for PBXNativeTarget "Unit 1 Light Project" */ = {
			isa = XCConfigurationList;
			buildConfigurations = (
				84CAEB0928C3F032008A9D4B /* Debug */,
				84CAEB0A28C3F032008A9D4B /* Release */,
			);
			defaultConfigurationIsVisible = 0;
			defaultConfigurationName = Release;
		};
		84CAEB0B28C3F032008A9D4B /* Build configuration list for PBXNativeTarget "Unit 1 Light ProjectTests" */ = {
			isa = XCConfigurationList;
			buildConfigurations = (
				84CAEB0C28C3F032008A9D4B /* Debug */,
				84CAEB0D28C3F032008A9D4B /* Release */,
			);
			defaultConfigurationIsVisible = 0;
			defaultConfigurationName = Release;
		};
		84CAEB0E28C3F032008A9D4B /* Build configuration list for PBXNativeTarget "Unit 1 Light ProjectUITests" */ = {
			isa = XCConfigurationList;
			buildConfigurations = (
				84CAEB0F28C3F032008A9D4B /* Debug */,
				84CAEB1028C3F032008A9D4B /* Release */,
			);
			defaultConfigurationIsVisible = 0;
			defaultConfigurationName = Release;
		};
/* End XCConfigurationList section */
	};
	rootObject = 84CAEAD628C3F031008A9D4B /* Project object */;
}
