// !$*UTF8*$!
{
	archiveVersion = 1;
	classes = {
	};
	objectVersion = 55;
	objects = {

/* Begin PBXBuildFile section */
		84CB073328BFABD60063E66C /* AppDelegate.swift in Sources */ = {isa = PBXBuildFile; fileRef = 84CB073228BFABD60063E66C /* AppDelegate.swift */; };
		84CB073528BFABD60063E66C /* SceneDelegate.swift in Sources */ = {isa = PBXBuildFile; fileRef = 84CB073428BFABD60063E66C /* SceneDelegate.swift */; };
		84CB073728BFABD60063E66C /* ViewController.swift in Sources */ = {isa = PBXBuildFile; fileRef = 84CB073628BFABD60063E66C /* ViewController.swift */; };
		84CB073A28BFABD60063E66C /* Main.storyboard in Resources */ = {isa = PBXBuildFile; fileRef = 84CB073828BFABD60063E66C /* Main.storyboard */; };
		84CB073C28BFABD70063E66C /* Assets.xcassets in Resources */ = {isa = PBXBuildFile; fileRef = 84CB073B28BFABD70063E66C /* Assets.xcassets */; };
		84CB073F28BFABD70063E66C /* LaunchScreen.storyboard in Resources */ = {isa = PBXBuildFile; fileRef = 84CB073D28BFABD70063E66C /* LaunchScreen.storyboard */; };
		84CB074A28BFABD70063E66C /* HobbiesTests.swift in Sources */ = {isa = PBXBuildFile; fileRef = 84CB074928BFABD70063E66C /* HobbiesTests.swift */; };
		84CB075428BFABD70063E66C /* HobbiesUITests.swift in Sources */ = {isa = PBXBuildFile; fileRef = 84CB075328BFABD70063E66C /* HobbiesUITests.swift */; };
		84CB075628BFABD70063E66C /* HobbiesUITestsLaunchTests.swift in Sources */ = {isa = PBXBuildFile; fileRef = 84CB075528BFABD70063E66C /* HobbiesUITestsLaunchTests.swift */; };
/* End PBXBuildFile section */

/* Begin PBXContainerItemProxy section */
		84CB074628BFABD70063E66C /* PBXContainerItemProxy */ = {
			isa = PBXContainerItemProxy;
			containerPortal = 84CB072728BFABD60063E66C /* Project object */;
			proxyType = 1;
			remoteGlobalIDString = 84CB072E28BFABD60063E66C;
			remoteInfo = Hobbies;
		};
		84CB075028BFABD70063E66C /* PBXContainerItemProxy */ = {
			isa = PBXContainerItemProxy;
			containerPortal = 84CB072728BFABD60063E66C /* Project object */;
			proxyType = 1;
			remoteGlobalIDString = 84CB072E28BFABD60063E66C;
			remoteInfo = Hobbies;
		};
/* End PBXContainerItemProxy section */

/* Begin PBXFileReference section */
		84CB072F28BFABD60063E66C /* Hobbies.app */ = {isa = PBXFileReference; explicitFileType = wrapper.application; includeInIndex = 0; path = Hobbies.app; sourceTree = BUILT_PRODUCTS_DIR; };
		84CB073228BFABD60063E66C /* AppDelegate.swift */ = {isa = PBXFileReference; lastKnownFileType = sourcecode.swift; path = AppDelegate.swift; sourceTree = "<group>"; };
		84CB073428BFABD60063E66C /* SceneDelegate.swift */ = {isa = PBXFileReference; lastKnownFileType = sourcecode.swift; path = SceneDelegate.swift; sourceTree = "<group>"; };
		84CB073628BFABD60063E66C /* ViewController.swift */ = {isa = PBXFileReference; lastKnownFileType = sourcecode.swift; path = ViewController.swift; sourceTree = "<group>"; };
		84CB073928BFABD60063E66C /* Base */ = {isa = PBXFileReference; lastKnownFileType = file.storyboard; name = Base; path = Base.lproj/Main.storyboard; sourceTree = "<group>"; };
		84CB073B28BFABD70063E66C /* Assets.xcassets */ = {isa = PBXFileReference; lastKnownFileType = folder.assetcatalog; path = Assets.xcassets; sourceTree = "<group>"; };
		84CB073E28BFABD70063E66C /* Base */ = {isa = PBXFileReference; lastKnownFileType = file.storyboard; name = Base; path = Base.lproj/LaunchScreen.storyboard; sourceTree = "<group>"; };
		84CB074028BFABD70063E66C /* Info.plist */ = {isa = PBXFileReference; lastKnownFileType = text.plist.xml; path = Info.plist; sourceTree = "<group>"; };
		84CB074528BFABD70063E66C /* HobbiesTests.xctest */ = {isa = PBXFileReference; explicitFileType = wrapper.cfbundle; includeInIndex = 0; path = HobbiesTests.xctest; sourceTree = BUILT_PRODUCTS_DIR; };
		84CB074928BFABD70063E66C /* HobbiesTests.swift */ = {isa = PBXFileReference; lastKnownFileType = sourcecode.swift; path = HobbiesTests.swift; sourceTree = "<group>"; };
		84CB074F28BFABD70063E66C /* HobbiesUITests.xctest */ = {isa = PBXFileReference; explicitFileType = wrapper.cfbundle; includeInIndex = 0; path = HobbiesUITests.xctest; sourceTree = BUILT_PRODUCTS_DIR; };
		84CB075328BFABD70063E66C /* HobbiesUITests.swift */ = {isa = PBXFileReference; lastKnownFileType = sourcecode.swift; path = HobbiesUITests.swift; sourceTree = "<group>"; };
		84CB075528BFABD70063E66C /* HobbiesUITestsLaunchTests.swift */ = {isa = PBXFileReference; lastKnownFileType = sourcecode.swift; path = HobbiesUITestsLaunchTests.swift; sourceTree = "<group>"; };
/* End PBXFileReference section */

/* Begin PBXFrameworksBuildPhase section */
		84CB072C28BFABD60063E66C /* Frameworks */ = {
			isa = PBXFrameworksBuildPhase;
			buildActionMask = 2147483647;
			files = (
			);
			runOnlyForDeploymentPostprocessing = 0;
		};
		84CB074228BFABD70063E66C /* Frameworks */ = {
			isa = PBXFrameworksBuildPhase;
			buildActionMask = 2147483647;
			files = (
			);
			runOnlyForDeploymentPostprocessing = 0;
		};
		84CB074C28BFABD70063E66C /* Frameworks */ = {
			isa = PBXFrameworksBuildPhase;
			buildActionMask = 2147483647;
			files = (
			);
			runOnlyForDeploymentPostprocessing = 0;
		};
/* End PBXFrameworksBuildPhase section */

/* Begin PBXGroup section */
		84CB072628BFABD60063E66C = {
			isa = PBXGroup;
			children = (
				84CB073128BFABD60063E66C /* Hobbies */,
				84CB074828BFABD70063E66C /* HobbiesTests */,
				84CB075228BFABD70063E66C /* HobbiesUITests */,
				84CB073028BFABD60063E66C /* Products */,
			);
			sourceTree = "<group>";
		};
		84CB073028BFABD60063E66C /* Products */ = {
			isa = PBXGroup;
			children = (
				84CB072F28BFABD60063E66C /* Hobbies.app */,
				84CB074528BFABD70063E66C /* HobbiesTests.xctest */,
				84CB074F28BFABD70063E66C /* HobbiesUITests.xctest */,
			);
			name = Products;
			sourceTree = "<group>";
		};
		84CB073128BFABD60063E66C /* Hobbies */ = {
			isa = PBXGroup;
			children = (
				84CB073228BFABD60063E66C /* AppDelegate.swift */,
				84CB073428BFABD60063E66C /* SceneDelegate.swift */,
				84CB073628BFABD60063E66C /* ViewController.swift */,
				84CB073828BFABD60063E66C /* Main.storyboard */,
				84CB073B28BFABD70063E66C /* Assets.xcassets */,
				84CB073D28BFABD70063E66C /* LaunchScreen.storyboard */,
				84CB074028BFABD70063E66C /* Info.plist */,
			);
			path = Hobbies;
			sourceTree = "<group>";
		};
		84CB074828BFABD70063E66C /* HobbiesTests */ = {
			isa = PBXGroup;
			children = (
				84CB074928BFABD70063E66C /* HobbiesTests.swift */,
			);
			path = HobbiesTests;
			sourceTree = "<group>";
		};
		84CB075228BFABD70063E66C /* HobbiesUITests */ = {
			isa = PBXGroup;
			children = (
				84CB075328BFABD70063E66C /* HobbiesUITests.swift */,
				84CB075528BFABD70063E66C /* HobbiesUITestsLaunchTests.swift */,
			);
			path = HobbiesUITests;
			sourceTree = "<group>";
		};
/* End PBXGroup section */

/* Begin PBXNativeTarget section */
		84CB072E28BFABD60063E66C /* Hobbies */ = {
			isa = PBXNativeTarget;
			buildConfigurationList = 84CB075928BFABD70063E66C /* Build configuration list for PBXNativeTarget "Hobbies" */;
			buildPhases = (
				84CB072B28BFABD60063E66C /* Sources */,
				84CB072C28BFABD60063E66C /* Frameworks */,
				84CB072D28BFABD60063E66C /* Resources */,
			);
			buildRules = (
			);
			dependencies = (
			);
			name = Hobbies;
			productName = Hobbies;
			productReference = 84CB072F28BFABD60063E66C /* Hobbies.app */;
			productType = "com.apple.product-type.application";
		};
		84CB074428BFABD70063E66C /* HobbiesTests */ = {
			isa = PBXNativeTarget;
			buildConfigurationList = 84CB075C28BFABD70063E66C /* Build configuration list for PBXNativeTarget "HobbiesTests" */;
			buildPhases = (
				84CB074128BFABD70063E66C /* Sources */,
				84CB074228BFABD70063E66C /* Frameworks */,
				84CB074328BFABD70063E66C /* Resources */,
			);
			buildRules = (
			);
			dependencies = (
				84CB074728BFABD70063E66C /* PBXTargetDependency */,
			);
			name = HobbiesTests;
			productName = HobbiesTests;
			productReference = 84CB074528BFABD70063E66C /* HobbiesTests.xctest */;
			productType = "com.apple.product-type.bundle.unit-test";
		};
		84CB074E28BFABD70063E66C /* HobbiesUITests */ = {
			isa = PBXNativeTarget;
			buildConfigurationList = 84CB075F28BFABD70063E66C /* Build configuration list for PBXNativeTarget "HobbiesUITests" */;
			buildPhases = (
				84CB074B28BFABD70063E66C /* Sources */,
				84CB074C28BFABD70063E66C /* Frameworks */,
				84CB074D28BFABD70063E66C /* Resources */,
			);
			buildRules = (
			);
			dependencies = (
				84CB075128BFABD70063E66C /* PBXTargetDependency */,
			);
			name = HobbiesUITests;
			productName = HobbiesUITests;
			productReference = 84CB074F28BFABD70063E66C /* HobbiesUITests.xctest */;
			productType = "com.apple.product-type.bundle.ui-testing";
		};
/* End PBXNativeTarget section */

/* Begin PBXProject section */
		84CB072728BFABD60063E66C /* Project object */ = {
			isa = PBXProject;
			attributes = {
				BuildIndependentTargetsInParallel = 1;
				LastSwiftUpdateCheck = 1340;
				LastUpgradeCheck = 1340;
				TargetAttributes = {
					84CB072E28BFABD60063E66C = {
						CreatedOnToolsVersion = 13.4.1;
					};
					84CB074428BFABD70063E66C = {
						CreatedOnToolsVersion = 13.4.1;
						TestTargetID = 84CB072E28BFABD60063E66C;
					};
					84CB074E28BFABD70063E66C = {
						CreatedOnToolsVersion = 13.4.1;
						TestTargetID = 84CB072E28BFABD60063E66C;
					};
				};
			};
			buildConfigurationList = 84CB072A28BFABD60063E66C /* Build configuration list for PBXProject "Hobbies" */;
			compatibilityVersion = "Xcode 13.0";
			developmentRegion = en;
			hasScannedForEncodings = 0;
			knownRegions = (
				en,
				Base,
			);
			mainGroup = 84CB072628BFABD60063E66C;
			productRefGroup = 84CB073028BFABD60063E66C /* Products */;
			projectDirPath = "";
			projectRoot = "";
			targets = (
				84CB072E28BFABD60063E66C /* Hobbies */,
				84CB074428BFABD70063E66C /* HobbiesTests */,
				84CB074E28BFABD70063E66C /* HobbiesUITests */,
			);
		};
/* End PBXProject section */

/* Begin PBXResourcesBuildPhase section */
		84CB072D28BFABD60063E66C /* Resources */ = {
			isa = PBXResourcesBuildPhase;
			buildActionMask = 2147483647;
			files = (
				84CB073F28BFABD70063E66C /* LaunchScreen.storyboard in Resources */,
				84CB073C28BFABD70063E66C /* Assets.xcassets in Resources */,
				84CB073A28BFABD60063E66C /* Main.storyboard in Resources */,
			);
			runOnlyForDeploymentPostprocessing = 0;
		};
		84CB074328BFABD70063E66C /* Resources */ = {
			isa = PBXResourcesBuildPhase;
			buildActionMask = 2147483647;
			files = (
			);
			runOnlyForDeploymentPostprocessing = 0;
		};
		84CB074D28BFABD70063E66C /* Resources */ = {
			isa = PBXResourcesBuildPhase;
			buildActionMask = 2147483647;
			files = (
			);
			runOnlyForDeploymentPostprocessing = 0;
		};
/* End PBXResourcesBuildPhase section */

/* Begin PBXSourcesBuildPhase section */
		84CB072B28BFABD60063E66C /* Sources */ = {
			isa = PBXSourcesBuildPhase;
			buildActionMask = 2147483647;
			files = (
				84CB073728BFABD60063E66C /* ViewController.swift in Sources */,
				84CB073328BFABD60063E66C /* AppDelegate.swift in Sources */,
				84CB073528BFABD60063E66C /* SceneDelegate.swift in Sources */,
			);
			runOnlyForDeploymentPostprocessing = 0;
		};
		84CB074128BFABD70063E66C /* Sources */ = {
			isa = PBXSourcesBuildPhase;
			buildActionMask = 2147483647;
			files = (
				84CB074A28BFABD70063E66C /* HobbiesTests.swift in Sources */,
			);
			runOnlyForDeploymentPostprocessing = 0;
		};
		84CB074B28BFABD70063E66C /* Sources */ = {
			isa = PBXSourcesBuildPhase;
			buildActionMask = 2147483647;
			files = (
				84CB075428BFABD70063E66C /* HobbiesUITests.swift in Sources */,
				84CB075628BFABD70063E66C /* HobbiesUITestsLaunchTests.swift in Sources */,
			);
			runOnlyForDeploymentPostprocessing = 0;
		};
/* End PBXSourcesBuildPhase section */

/* Begin PBXTargetDependency section */
		84CB074728BFABD70063E66C /* PBXTargetDependency */ = {
			isa = PBXTargetDependency;
			target = 84CB072E28BFABD60063E66C /* Hobbies */;
			targetProxy = 84CB074628BFABD70063E66C /* PBXContainerItemProxy */;
		};
		84CB075128BFABD70063E66C /* PBXTargetDependency */ = {
			isa = PBXTargetDependency;
			target = 84CB072E28BFABD60063E66C /* Hobbies */;
			targetProxy = 84CB075028BFABD70063E66C /* PBXContainerItemProxy */;
		};
/* End PBXTargetDependency section */

/* Begin PBXVariantGroup section */
		84CB073828BFABD60063E66C /* Main.storyboard */ = {
			isa = PBXVariantGroup;
			children = (
				84CB073928BFABD60063E66C /* Base */,
			);
			name = Main.storyboard;
			sourceTree = "<group>";
		};
		84CB073D28BFABD70063E66C /* LaunchScreen.storyboard */ = {
			isa = PBXVariantGroup;
			children = (
				84CB073E28BFABD70063E66C /* Base */,
			);
			name = LaunchScreen.storyboard;
			sourceTree = "<group>";
		};
/* End PBXVariantGroup section */

/* Begin XCBuildConfiguration section */
		84CB075728BFABD70063E66C /* Debug */ = {
			isa = XCBuildConfiguration;
			buildSettings = {
				ALWAYS_SEARCH_USER_PATHS = NO;
				CLANG_ANALYZER_NONNULL = YES;
				CLANG_ANALYZER_NUMBER_OBJECT_CONVERSION = YES_AGGRESSIVE;
				CLANG_CXX_LANGUAGE_STANDARD = "gnu++17";
				CLANG_ENABLE_MODULES = YES;
				CLANG_ENABLE_OBJC_ARC = YES;
				CLANG_ENABLE_OBJC_WEAK = YES;
				CLANG_WARN_BLOCK_CAPTURE_AUTORELEASING = YES;
				CLANG_WARN_BOOL_CONVERSION = YES;
				CLANG_WARN_COMMA = YES;
				CLANG_WARN_CONSTANT_CONVERSION = YES;
				CLANG_WARN_DEPRECATED_OBJC_IMPLEMENTATIONS = YES;
				CLANG_WARN_DIRECT_OBJC_ISA_USAGE = YES_ERROR;
				CLANG_WARN_DOCUMENTATION_COMMENTS = YES;
				CLANG_WARN_EMPTY_BODY = YES;
				CLANG_WARN_ENUM_CONVERSION = YES;
				CLANG_WARN_INFINITE_RECURSION = YES;
				CLANG_WARN_INT_CONVERSION = YES;
				CLANG_WARN_NON_LITERAL_NULL_CONVERSION = YES;
				CLANG_WARN_OBJC_IMPLICIT_RETAIN_SELF = YES;
				CLANG_WARN_OBJC_LITERAL_CONVERSION = YES;
				CLANG_WARN_OBJC_ROOT_CLASS = YES_ERROR;
				CLANG_WARN_QUOTED_INCLUDE_IN_FRAMEWORK_HEADER = YES;
				CLANG_WARN_RANGE_LOOP_ANALYSIS = YES;
				CLANG_WARN_STRICT_PROTOTYPES = YES;
				CLANG_WARN_SUSPICIOUS_MOVE = YES;
				CLANG_WARN_UNGUARDED_AVAILABILITY = YES_AGGRESSIVE;
				CLANG_WARN_UNREACHABLE_CODE = YES;
				CLANG_WARN__DUPLICATE_METHOD_MATCH = YES;
				COPY_PHASE_STRIP = NO;
				DEBUG_INFORMATION_FORMAT = dwarf;
				ENABLE_STRICT_OBJC_MSGSEND = YES;
				ENABLE_TESTABILITY = YES;
				GCC_C_LANGUAGE_STANDARD = gnu11;
				GCC_DYNAMIC_NO_PIC = NO;
				GCC_NO_COMMON_BLOCKS = YES;
				GCC_OPTIMIZATION_LEVEL = 0;
				GCC_PREPROCESSOR_DEFINITIONS = (
					"DEBUG=1",
					"$(inherited)",
				);
				GCC_WARN_64_TO_32_BIT_CONVERSION = YES;
				GCC_WARN_ABOUT_RETURN_TYPE = YES_ERROR;
				GCC_WARN_UNDECLARED_SELECTOR = YES;
				GCC_WARN_UNINITIALIZED_AUTOS = YES_AGGRESSIVE;
				GCC_WARN_UNUSED_FUNCTION = YES;
				GCC_WARN_UNUSED_VARIABLE = YES;
				IPHONEOS_DEPLOYMENT_TARGET = 15.5;
				MTL_ENABLE_DEBUG_INFO = INCLUDE_SOURCE;
				MTL_FAST_MATH = YES;
				ONLY_ACTIVE_ARCH = YES;
				SDKROOT = iphoneos;
				SWIFT_ACTIVE_COMPILATION_CONDITIONS = DEBUG;
				SWIFT_OPTIMIZATION_LEVEL = "-Onone";
			};
			name = Debug;
		};
		84CB075828BFABD70063E66C /* Release */ = {
			isa = XCBuildConfiguration;
			buildSettings = {
				ALWAYS_SEARCH_USER_PATHS = NO;
				CLANG_ANALYZER_NONNULL = YES;
				CLANG_ANALYZER_NUMBER_OBJECT_CONVERSION = YES_AGGRESSIVE;
				CLANG_CXX_LANGUAGE_STANDARD = "gnu++17";
				CLANG_ENABLE_MODULES = YES;
				CLANG_ENABLE_OBJC_ARC = YES;
				CLANG_ENABLE_OBJC_WEAK = YES;
				CLANG_WARN_BLOCK_CAPTURE_AUTORELEASING = YES;
				CLANG_WARN_BOOL_CONVERSION = YES;
				CLANG_WARN_COMMA = YES;
				CLANG_WARN_CONSTANT_CONVERSION = YES;
				CLANG_WARN_DEPRECATED_OBJC_IMPLEMENTATIONS = YES;
				CLANG_WARN_DIRECT_OBJC_ISA_USAGE = YES_ERROR;
				CLANG_WARN_DOCUMENTATION_COMMENTS = YES;
				CLANG_WARN_EMPTY_BODY = YES;
				CLANG_WARN_ENUM_CONVERSION = YES;
				CLANG_WARN_INFINITE_RECURSION = YES;
				CLANG_WARN_INT_CONVERSION = YES;
				CLANG_WARN_NON_LITERAL_NULL_CONVERSION = YES;
				CLANG_WARN_OBJC_IMPLICIT_RETAIN_SELF = YES;
				CLANG_WARN_OBJC_LITERAL_CONVERSION = YES;
				CLANG_WARN_OBJC_ROOT_CLASS = YES_ERROR;
				CLANG_WARN_QUOTED_INCLUDE_IN_FRAMEWORK_HEADER = YES;
				CLANG_WARN_RANGE_LOOP_ANALYSIS = YES;
				CLANG_WARN_STRICT_PROTOTYPES = YES;
				CLANG_WARN_SUSPICIOUS_MOVE = YES;
				CLANG_WARN_UNGUARDED_AVAILABILITY = YES_AGGRESSIVE;
				CLANG_WARN_UNREACHABLE_CODE = YES;
				CLANG_WARN__DUPLICATE_METHOD_MATCH = YES;
				COPY_PHASE_STRIP = NO;
				DEBUG_INFORMATION_FORMAT = "dwarf-with-dsym";
				ENABLE_NS_ASSERTIONS = NO;
				ENABLE_STRICT_OBJC_MSGSEND = YES;
				GCC_C_LANGUAGE_STANDARD = gnu11;
				GCC_NO_COMMON_BLOCKS = YES;
				GCC_WARN_64_TO_32_BIT_CONVERSION = YES;
				GCC_WARN_ABOUT_RETURN_TYPE = YES_ERROR;
				GCC_WARN_UNDECLARED_SELECTOR = YES;
				GCC_WARN_UNINITIALIZED_AUTOS = YES_AGGRESSIVE;
				GCC_WARN_UNUSED_FUNCTION = YES;
				GCC_WARN_UNUSED_VARIABLE = YES;
				IPHONEOS_DEPLOYMENT_TARGET = 15.5;
				MTL_ENABLE_DEBUG_INFO = NO;
				MTL_FAST_MATH = YES;
				SDKROOT = iphoneos;
				SWIFT_COMPILATION_MODE = wholemodule;
				SWIFT_OPTIMIZATION_LEVEL = "-O";
				VALIDATE_PRODUCT = YES;
			};
			name = Release;
		};
		84CB075A28BFABD70063E66C /* Debug */ = {
			isa = XCBuildConfiguration;
			buildSettings = {
				ASSETCATALOG_COMPILER_APPICON_NAME = AppIcon;
				ASSETCATALOG_COMPILER_GLOBAL_ACCENT_COLOR_NAME = AccentColor;
				CODE_SIGN_STYLE = Automatic;
				CURRENT_PROJECT_VERSION = 1;
				GENERATE_INFOPLIST_FILE = YES;
				INFOPLIST_FILE = Hobbies/Info.plist;
				INFOPLIST_KEY_UIApplicationSupportsIndirectInputEvents = YES;
				INFOPLIST_KEY_UILaunchStoryboardName = LaunchScreen;
				INFOPLIST_KEY_UIMainStoryboardFile = Main;
				INFOPLIST_KEY_UISupportedInterfaceOrientations_iPad = "UIInterfaceOrientationPortrait UIInterfaceOrientationPortraitUpsideDown UIInterfaceOrientationLandscapeLeft UIInterfaceOrientationLandscapeRight";
				INFOPLIST_KEY_UISupportedInterfaceOrientations_iPhone = "UIInterfaceOrientationPortrait UIInterfaceOrientationLandscapeLeft UIInterfaceOrientationLandscapeRight";
				LD_RUNPATH_SEARCH_PATHS = (
					"$(inherited)",
					"@executable_path/Frameworks",
				);
				MARKETING_VERSION = 1.0;
				PRODUCT_BUNDLE_IDENTIFIER = com.amismith.Hobbies;
				PRODUCT_NAME = "$(TARGET_NAME)";
				SWIFT_EMIT_LOC_STRINGS = YES;
				SWIFT_VERSION = 5.0;
				TARGETED_DEVICE_FAMILY = "1,2";
			};
			name = Debug;
		};
		84CB075B28BFABD70063E66C /* Release */ = {
			isa = XCBuildConfiguration;
			buildSettings = {
				ASSETCATALOG_COMPILER_APPICON_NAME = AppIcon;
				ASSETCATALOG_COMPILER_GLOBAL_ACCENT_COLOR_NAME = AccentColor;
				CODE_SIGN_STYLE = Automatic;
				CURRENT_PROJECT_VERSION = 1;
				GENERATE_INFOPLIST_FILE = YES;
				INFOPLIST_FILE = Hobbies/Info.plist;
				INFOPLIST_KEY_UIApplicationSupportsIndirectInputEvents = YES;
				INFOPLIST_KEY_UILaunchStoryboardName = LaunchScreen;
				INFOPLIST_KEY_UIMainStoryboardFile = Main;
				INFOPLIST_KEY_UISupportedInterfaceOrientations_iPad = "UIInterfaceOrientationPortrait UIInterfaceOrientationPortraitUpsideDown UIInterfaceOrientationLandscapeLeft UIInterfaceOrientationLandscapeRight";
				INFOPLIST_KEY_UISupportedInterfaceOrientations_iPhone = "UIInterfaceOrientationPortrait UIInterfaceOrientationLandscapeLeft UIInterfaceOrientationLandscapeRight";
				LD_RUNPATH_SEARCH_PATHS = (
					"$(inherited)",
					"@executable_path/Frameworks",
				);
				MARKETING_VERSION = 1.0;
				PRODUCT_BUNDLE_IDENTIFIER = com.amismith.Hobbies;
				PRODUCT_NAME = "$(TARGET_NAME)";
				SWIFT_EMIT_LOC_STRINGS = YES;
				SWIFT_VERSION = 5.0;
				TARGETED_DEVICE_FAMILY = "1,2";
			};
			name = Release;
		};
		84CB075D28BFABD70063E66C /* Debug */ = {
			isa = XCBuildConfiguration;
			buildSettings = {
				ALWAYS_EMBED_SWIFT_STANDARD_LIBRARIES = YES;
				BUNDLE_LOADER = "$(TEST_HOST)";
				CODE_SIGN_STYLE = Automatic;
				CURRENT_PROJECT_VERSION = 1;
				GENERATE_INFOPLIST_FILE = YES;
				IPHONEOS_DEPLOYMENT_TARGET = 15.5;
				MARKETING_VERSION = 1.0;
				PRODUCT_BUNDLE_IDENTIFIER = com.amismith.HobbiesTests;
				PRODUCT_NAME = "$(TARGET_NAME)";
				SWIFT_EMIT_LOC_STRINGS = NO;
				SWIFT_VERSION = 5.0;
				TARGETED_DEVICE_FAMILY = "1,2";
				TEST_HOST = "$(BUILT_PRODUCTS_DIR)/Hobbies.app/Hobbies";
			};
			name = Debug;
		};
		84CB075E28BFABD70063E66C /* Release */ = {
			isa = XCBuildConfiguration;
			buildSettings = {
				ALWAYS_EMBED_SWIFT_STANDARD_LIBRARIES = YES;
				BUNDLE_LOADER = "$(TEST_HOST)";
				CODE_SIGN_STYLE = Automatic;
				CURRENT_PROJECT_VERSION = 1;
				GENERATE_INFOPLIST_FILE = YES;
				IPHONEOS_DEPLOYMENT_TARGET = 15.5;
				MARKETING_VERSION = 1.0;
				PRODUCT_BUNDLE_IDENTIFIER = com.amismith.HobbiesTests;
				PRODUCT_NAME = "$(TARGET_NAME)";
				SWIFT_EMIT_LOC_STRINGS = NO;
				SWIFT_VERSION = 5.0;
				TARGETED_DEVICE_FAMILY = "1,2";
				TEST_HOST = "$(BUILT_PRODUCTS_DIR)/Hobbies.app/Hobbies";
			};
			name = Release;
		};
		84CB076028BFABD70063E66C /* Debug */ = {
			isa = XCBuildConfiguration;
			buildSettings = {
				ALWAYS_EMBED_SWIFT_STANDARD_LIBRARIES = YES;
				CODE_SIGN_STYLE = Automatic;
				CURRENT_PROJECT_VERSION = 1;
				GENERATE_INFOPLIST_FILE = YES;
				MARKETING_VERSION = 1.0;
				PRODUCT_BUNDLE_IDENTIFIER = com.amismith.HobbiesUITests;
				PRODUCT_NAME = "$(TARGET_NAME)";
				SWIFT_EMIT_LOC_STRINGS = NO;
				SWIFT_VERSION = 5.0;
				TARGETED_DEVICE_FAMILY = "1,2";
				TEST_TARGET_NAME = Hobbies;
			};
			name = Debug;
		};
		84CB076128BFABD70063E66C /* Release */ = {
			isa = XCBuildConfiguration;
			buildSettings = {
				ALWAYS_EMBED_SWIFT_STANDARD_LIBRARIES = YES;
				CODE_SIGN_STYLE = Automatic;
				CURRENT_PROJECT_VERSION = 1;
				GENERATE_INFOPLIST_FILE = YES;
				MARKETING_VERSION = 1.0;
				PRODUCT_BUNDLE_IDENTIFIER = com.amismith.HobbiesUITests;
				PRODUCT_NAME = "$(TARGET_NAME)";
				SWIFT_EMIT_LOC_STRINGS = NO;
				SWIFT_VERSION = 5.0;
				TARGETED_DEVICE_FAMILY = "1,2";
				TEST_TARGET_NAME = Hobbies;
			};
			name = Release;
		};
/* End XCBuildConfiguration section */

/* Begin XCConfigurationList section */
		84CB072A28BFABD60063E66C /* Build configuration list for PBXProject "Hobbies" */ = {
			isa = XCConfigurationList;
			buildConfigurations = (
				84CB075728BFABD70063E66C /* Debug */,
				84CB075828BFABD70063E66C /* Release */,
			);
			defaultConfigurationIsVisible = 0;
			defaultConfigurationName = Release;
		};
		84CB075928BFABD70063E66C /* Build configuration list for PBXNativeTarget "Hobbies" */ = {
			isa = XCConfigurationList;
			buildConfigurations = (
				84CB075A28BFABD70063E66C /* Debug */,
				84CB075B28BFABD70063E66C /* Release */,
			);
			defaultConfigurationIsVisible = 0;
			defaultConfigurationName = Release;
		};
		84CB075C28BFABD70063E66C /* Build configuration list for PBXNativeTarget "HobbiesTests" */ = {
			isa = XCConfigurationList;
			buildConfigurations = (
				84CB075D28BFABD70063E66C /* Debug */,
				84CB075E28BFABD70063E66C /* Release */,
			);
			defaultConfigurationIsVisible = 0;
			defaultConfigurationName = Release;
		};
		84CB075F28BFABD70063E66C /* Build configuration list for PBXNativeTarget "HobbiesUITests" */ = {
			isa = XCConfigurationList;
			buildConfigurations = (
				84CB076028BFABD70063E66C /* Debug */,
				84CB076128BFABD70063E66C /* Release */,
			);
			defaultConfigurationIsVisible = 0;
			defaultConfigurationName = Release;
		};
/* End XCConfigurationList section */
	};
	rootObject = 84CB072728BFABD60063E66C /* Project object */;
}
