// !$*UTF8*$!
{
	archiveVersion = 1;
	classes = {
	};
	objectVersion = 55;
	objects = {

/* Begin PBXBuildFile section */
		847A036D28C25546000239F9 /* AppDelegate.swift in Sources */ = {isa = PBXBuildFile; fileRef = 847A036C28C25546000239F9 /* AppDelegate.swift */; };
		847A036F28C25546000239F9 /* SceneDelegate.swift in Sources */ = {isa = PBXBuildFile; fileRef = 847A036E28C25546000239F9 /* SceneDelegate.swift */; };
		847A037128C25546000239F9 /* ViewController.swift in Sources */ = {isa = PBXBuildFile; fileRef = 847A037028C25546000239F9 /* ViewController.swift */; };
		847A037428C25546000239F9 /* Main.storyboard in Resources */ = {isa = PBXBuildFile; fileRef = 847A037228C25546000239F9 /* Main.storyboard */; };
		847A037628C25548000239F9 /* Assets.xcassets in Resources */ = {isa = PBXBuildFile; fileRef = 847A037528C25548000239F9 /* Assets.xcassets */; };
		847A037928C25548000239F9 /* LaunchScreen.storyboard in Resources */ = {isa = PBXBuildFile; fileRef = 847A037728C25548000239F9 /* LaunchScreen.storyboard */; };
		847A038428C25548000239F9 /* __10__AutoLayout_and_Stack_Calculator_ProjectTests.swift in Sources */ = {isa = PBXBuildFile; fileRef = 847A038328C25548000239F9 /* __10__AutoLayout_and_Stack_Calculator_ProjectTests.swift */; };
		847A038E28C25548000239F9 /* __10__AutoLayout_and_Stack_Calculator_ProjectUITests.swift in Sources */ = {isa = PBXBuildFile; fileRef = 847A038D28C25548000239F9 /* __10__AutoLayout_and_Stack_Calculator_ProjectUITests.swift */; };
		847A039028C25548000239F9 /* __10__AutoLayout_and_Stack_Calculator_ProjectUITestsLaunchTests.swift in Sources */ = {isa = PBXBuildFile; fileRef = 847A038F28C25548000239F9 /* __10__AutoLayout_and_Stack_Calculator_ProjectUITestsLaunchTests.swift */; };
/* End PBXBuildFile section */

/* Begin PBXContainerItemProxy section */
		847A038028C25548000239F9 /* PBXContainerItemProxy */ = {
			isa = PBXContainerItemProxy;
			containerPortal = 847A036128C25546000239F9 /* Project object */;
			proxyType = 1;
			remoteGlobalIDString = 847A036828C25546000239F9;
			remoteInfo = "2.10- AutoLayout and Stack Calculator Project";
		};
		847A038A28C25548000239F9 /* PBXContainerItemProxy */ = {
			isa = PBXContainerItemProxy;
			containerPortal = 847A036128C25546000239F9 /* Project object */;
			proxyType = 1;
			remoteGlobalIDString = 847A036828C25546000239F9;
			remoteInfo = "2.10- AutoLayout and Stack Calculator Project";
		};
/* End PBXContainerItemProxy section */

/* Begin PBXFileReference section */
		847A036928C25546000239F9 /* 2.10- AutoLayout and Stack Calculator Project.app */ = {isa = PBXFileReference; explicitFileType = wrapper.application; includeInIndex = 0; path = "2.10- AutoLayout and Stack Calculator Project.app"; sourceTree = BUILT_PRODUCTS_DIR; };
		847A036C28C25546000239F9 /* AppDelegate.swift */ = {isa = PBXFileReference; lastKnownFileType = sourcecode.swift; path = AppDelegate.swift; sourceTree = "<group>"; };
		847A036E28C25546000239F9 /* SceneDelegate.swift */ = {isa = PBXFileReference; lastKnownFileType = sourcecode.swift; path = SceneDelegate.swift; sourceTree = "<group>"; };
		847A037028C25546000239F9 /* ViewController.swift */ = {isa = PBXFileReference; lastKnownFileType = sourcecode.swift; path = ViewController.swift; sourceTree = "<group>"; };
		847A037328C25546000239F9 /* Base */ = {isa = PBXFileReference; lastKnownFileType = file.storyboard; name = Base; path = Base.lproj/Main.storyboard; sourceTree = "<group>"; };
		847A037528C25548000239F9 /* Assets.xcassets */ = {isa = PBXFileReference; lastKnownFileType = folder.assetcatalog; path = Assets.xcassets; sourceTree = "<group>"; };
		847A037828C25548000239F9 /* Base */ = {isa = PBXFileReference; lastKnownFileType = file.storyboard; name = Base; path = Base.lproj/LaunchScreen.storyboard; sourceTree = "<group>"; };
		847A037A28C25548000239F9 /* Info.plist */ = {isa = PBXFileReference; lastKnownFileType = text.plist.xml; path = Info.plist; sourceTree = "<group>"; };
		847A037F28C25548000239F9 /* 2.10- AutoLayout and Stack Calculator ProjectTests.xctest */ = {isa = PBXFileReference; explicitFileType = wrapper.cfbundle; includeInIndex = 0; path = "2.10- AutoLayout and Stack Calculator ProjectTests.xctest"; sourceTree = BUILT_PRODUCTS_DIR; };
		847A038328C25548000239F9 /* __10__AutoLayout_and_Stack_Calculator_ProjectTests.swift */ = {isa = PBXFileReference; lastKnownFileType = sourcecode.swift; path = __10__AutoLayout_and_Stack_Calculator_ProjectTests.swift; sourceTree = "<group>"; };
		847A038928C25548000239F9 /* 2.10- AutoLayout and Stack Calculator ProjectUITests.xctest */ = {isa = PBXFileReference; explicitFileType = wrapper.cfbundle; includeInIndex = 0; path = "2.10- AutoLayout and Stack Calculator ProjectUITests.xctest"; sourceTree = BUILT_PRODUCTS_DIR; };
		847A038D28C25548000239F9 /* __10__AutoLayout_and_Stack_Calculator_ProjectUITests.swift */ = {isa = PBXFileReference; lastKnownFileType = sourcecode.swift; path = __10__AutoLayout_and_Stack_Calculator_ProjectUITests.swift; sourceTree = "<group>"; };
		847A038F28C25548000239F9 /* __10__AutoLayout_and_Stack_Calculator_ProjectUITestsLaunchTests.swift */ = {isa = PBXFileReference; lastKnownFileType = sourcecode.swift; path = __10__AutoLayout_and_Stack_Calculator_ProjectUITestsLaunchTests.swift; sourceTree = "<group>"; };
/* End PBXFileReference section */

/* Begin PBXFrameworksBuildPhase section */
		847A036628C25546000239F9 /* Frameworks */ = {
			isa = PBXFrameworksBuildPhase;
			buildActionMask = 2147483647;
			files = (
			);
			runOnlyForDeploymentPostprocessing = 0;
		};
		847A037C28C25548000239F9 /* Frameworks */ = {
			isa = PBXFrameworksBuildPhase;
			buildActionMask = 2147483647;
			files = (
			);
			runOnlyForDeploymentPostprocessing = 0;
		};
		847A038628C25548000239F9 /* Frameworks */ = {
			isa = PBXFrameworksBuildPhase;
			buildActionMask = 2147483647;
			files = (
			);
			runOnlyForDeploymentPostprocessing = 0;
		};
/* End PBXFrameworksBuildPhase section */

/* Begin PBXGroup section */
		847A036028C25546000239F9 = {
			isa = PBXGroup;
			children = (
				847A036B28C25546000239F9 /* 2.10- AutoLayout and Stack Calculator Project */,
				847A038228C25548000239F9 /* 2.10- AutoLayout and Stack Calculator ProjectTests */,
				847A038C28C25548000239F9 /* 2.10- AutoLayout and Stack Calculator ProjectUITests */,
				847A036A28C25546000239F9 /* Products */,
			);
			sourceTree = "<group>";
		};
		847A036A28C25546000239F9 /* Products */ = {
			isa = PBXGroup;
			children = (
				847A036928C25546000239F9 /* 2.10- AutoLayout and Stack Calculator Project.app */,
				847A037F28C25548000239F9 /* 2.10- AutoLayout and Stack Calculator ProjectTests.xctest */,
				847A038928C25548000239F9 /* 2.10- AutoLayout and Stack Calculator ProjectUITests.xctest */,
			);
			name = Products;
			sourceTree = "<group>";
		};
		847A036B28C25546000239F9 /* 2.10- AutoLayout and Stack Calculator Project */ = {
			isa = PBXGroup;
			children = (
				847A036C28C25546000239F9 /* AppDelegate.swift */,
				847A036E28C25546000239F9 /* SceneDelegate.swift */,
				847A037028C25546000239F9 /* ViewController.swift */,
				847A037228C25546000239F9 /* Main.storyboard */,
				847A037528C25548000239F9 /* Assets.xcassets */,
				847A037728C25548000239F9 /* LaunchScreen.storyboard */,
				847A037A28C25548000239F9 /* Info.plist */,
			);
			path = "2.10- AutoLayout and Stack Calculator Project";
			sourceTree = "<group>";
		};
		847A038228C25548000239F9 /* 2.10- AutoLayout and Stack Calculator ProjectTests */ = {
			isa = PBXGroup;
			children = (
				847A038328C25548000239F9 /* __10__AutoLayout_and_Stack_Calculator_ProjectTests.swift */,
			);
			path = "2.10- AutoLayout and Stack Calculator ProjectTests";
			sourceTree = "<group>";
		};
		847A038C28C25548000239F9 /* 2.10- AutoLayout and Stack Calculator ProjectUITests */ = {
			isa = PBXGroup;
			children = (
				847A038D28C25548000239F9 /* __10__AutoLayout_and_Stack_Calculator_ProjectUITests.swift */,
				847A038F28C25548000239F9 /* __10__AutoLayout_and_Stack_Calculator_ProjectUITestsLaunchTests.swift */,
			);
			path = "2.10- AutoLayout and Stack Calculator ProjectUITests";
			sourceTree = "<group>";
		};
/* End PBXGroup section */

/* Begin PBXNativeTarget section */
		847A036828C25546000239F9 /* 2.10- AutoLayout and Stack Calculator Project */ = {
			isa = PBXNativeTarget;
			buildConfigurationList = 847A039328C25548000239F9 /* Build configuration list for PBXNativeTarget "2.10- AutoLayout and Stack Calculator Project" */;
			buildPhases = (
				847A036528C25546000239F9 /* Sources */,
				847A036628C25546000239F9 /* Frameworks */,
				847A036728C25546000239F9 /* Resources */,
			);
			buildRules = (
			);
			dependencies = (
			);
			name = "2.10- AutoLayout and Stack Calculator Project";
			productName = "2.10- AutoLayout and Stack Calculator Project";
			productReference = 847A036928C25546000239F9 /* 2.10- AutoLayout and Stack Calculator Project.app */;
			productType = "com.apple.product-type.application";
		};
		847A037E28C25548000239F9 /* 2.10- AutoLayout and Stack Calculator ProjectTests */ = {
			isa = PBXNativeTarget;
			buildConfigurationList = 847A039628C25548000239F9 /* Build configuration list for PBXNativeTarget "2.10- AutoLayout and Stack Calculator ProjectTests" */;
			buildPhases = (
				847A037B28C25548000239F9 /* Sources */,
				847A037C28C25548000239F9 /* Frameworks */,
				847A037D28C25548000239F9 /* Resources */,
			);
			buildRules = (
			);
			dependencies = (
				847A038128C25548000239F9 /* PBXTargetDependency */,
			);
			name = "2.10- AutoLayout and Stack Calculator ProjectTests";
			productName = "2.10- AutoLayout and Stack Calculator ProjectTests";
			productReference = 847A037F28C25548000239F9 /* 2.10- AutoLayout and Stack Calculator ProjectTests.xctest */;
			productType = "com.apple.product-type.bundle.unit-test";
		};
		847A038828C25548000239F9 /* 2.10- AutoLayout and Stack Calculator ProjectUITests */ = {
			isa = PBXNativeTarget;
			buildConfigurationList = 847A039928C25548000239F9 /* Build configuration list for PBXNativeTarget "2.10- AutoLayout and Stack Calculator ProjectUITests" */;
			buildPhases = (
				847A038528C25548000239F9 /* Sources */,
				847A038628C25548000239F9 /* Frameworks */,
				847A038728C25548000239F9 /* Resources */,
			);
			buildRules = (
			);
			dependencies = (
				847A038B28C25548000239F9 /* PBXTargetDependency */,
			);
			name = "2.10- AutoLayout and Stack Calculator ProjectUITests";
			productName = "2.10- AutoLayout and Stack Calculator ProjectUITests";
			productReference = 847A038928C25548000239F9 /* 2.10- AutoLayout and Stack Calculator ProjectUITests.xctest */;
			productType = "com.apple.product-type.bundle.ui-testing";
		};
/* End PBXNativeTarget section */

/* Begin PBXProject section */
		847A036128C25546000239F9 /* Project object */ = {
			isa = PBXProject;
			attributes = {
				BuildIndependentTargetsInParallel = 1;
				LastSwiftUpdateCheck = 1340;
				LastUpgradeCheck = 1340;
				TargetAttributes = {
					847A036828C25546000239F9 = {
						CreatedOnToolsVersion = 13.4.1;
					};
					847A037E28C25548000239F9 = {
						CreatedOnToolsVersion = 13.4.1;
						TestTargetID = 847A036828C25546000239F9;
					};
					847A038828C25548000239F9 = {
						CreatedOnToolsVersion = 13.4.1;
						TestTargetID = 847A036828C25546000239F9;
					};
				};
			};
			buildConfigurationList = 847A036428C25546000239F9 /* Build configuration list for PBXProject "2.10- AutoLayout and Stack Calculator Project" */;
			compatibilityVersion = "Xcode 13.0";
			developmentRegion = en;
			hasScannedForEncodings = 0;
			knownRegions = (
				en,
				Base,
			);
			mainGroup = 847A036028C25546000239F9;
			productRefGroup = 847A036A28C25546000239F9 /* Products */;
			projectDirPath = "";
			projectRoot = "";
			targets = (
				847A036828C25546000239F9 /* 2.10- AutoLayout and Stack Calculator Project */,
				847A037E28C25548000239F9 /* 2.10- AutoLayout and Stack Calculator ProjectTests */,
				847A038828C25548000239F9 /* 2.10- AutoLayout and Stack Calculator ProjectUITests */,
			);
		};
/* End PBXProject section */

/* Begin PBXResourcesBuildPhase section */
		847A036728C25546000239F9 /* Resources */ = {
			isa = PBXResourcesBuildPhase;
			buildActionMask = 2147483647;
			files = (
				847A037928C25548000239F9 /* LaunchScreen.storyboard in Resources */,
				847A037628C25548000239F9 /* Assets.xcassets in Resources */,
				847A037428C25546000239F9 /* Main.storyboard in Resources */,
			);
			runOnlyForDeploymentPostprocessing = 0;
		};
		847A037D28C25548000239F9 /* Resources */ = {
			isa = PBXResourcesBuildPhase;
			buildActionMask = 2147483647;
			files = (
			);
			runOnlyForDeploymentPostprocessing = 0;
		};
		847A038728C25548000239F9 /* Resources */ = {
			isa = PBXResourcesBuildPhase;
			buildActionMask = 2147483647;
			files = (
			);
			runOnlyForDeploymentPostprocessing = 0;
		};
/* End PBXResourcesBuildPhase section */

/* Begin PBXSourcesBuildPhase section */
		847A036528C25546000239F9 /* Sources */ = {
			isa = PBXSourcesBuildPhase;
			buildActionMask = 2147483647;
			files = (
				847A037128C25546000239F9 /* ViewController.swift in Sources */,
				847A036D28C25546000239F9 /* AppDelegate.swift in Sources */,
				847A036F28C25546000239F9 /* SceneDelegate.swift in Sources */,
			);
			runOnlyForDeploymentPostprocessing = 0;
		};
		847A037B28C25548000239F9 /* Sources */ = {
			isa = PBXSourcesBuildPhase;
			buildActionMask = 2147483647;
			files = (
				847A038428C25548000239F9 /* __10__AutoLayout_and_Stack_Calculator_ProjectTests.swift in Sources */,
			);
			runOnlyForDeploymentPostprocessing = 0;
		};
		847A038528C25548000239F9 /* Sources */ = {
			isa = PBXSourcesBuildPhase;
			buildActionMask = 2147483647;
			files = (
				847A038E28C25548000239F9 /* __10__AutoLayout_and_Stack_Calculator_ProjectUITests.swift in Sources */,
				847A039028C25548000239F9 /* __10__AutoLayout_and_Stack_Calculator_ProjectUITestsLaunchTests.swift in Sources */,
			);
			runOnlyForDeploymentPostprocessing = 0;
		};
/* End PBXSourcesBuildPhase section */

/* Begin PBXTargetDependency section */
		847A038128C25548000239F9 /* PBXTargetDependency */ = {
			isa = PBXTargetDependency;
			target = 847A036828C25546000239F9 /* 2.10- AutoLayout and Stack Calculator Project */;
			targetProxy = 847A038028C25548000239F9 /* PBXContainerItemProxy */;
		};
		847A038B28C25548000239F9 /* PBXTargetDependency */ = {
			isa = PBXTargetDependency;
			target = 847A036828C25546000239F9 /* 2.10- AutoLayout and Stack Calculator Project */;
			targetProxy = 847A038A28C25548000239F9 /* PBXContainerItemProxy */;
		};
/* End PBXTargetDependency section */

/* Begin PBXVariantGroup section */
		847A037228C25546000239F9 /* Main.storyboard */ = {
			isa = PBXVariantGroup;
			children = (
				847A037328C25546000239F9 /* Base */,
			);
			name = Main.storyboard;
			sourceTree = "<group>";
		};
		847A037728C25548000239F9 /* LaunchScreen.storyboard */ = {
			isa = PBXVariantGroup;
			children = (
				847A037828C25548000239F9 /* Base */,
			);
			name = LaunchScreen.storyboard;
			sourceTree = "<group>";
		};
/* End PBXVariantGroup section */

/* Begin XCBuildConfiguration section */
		847A039128C25548000239F9 /* Debug */ = {
			isa = XCBuildConfiguration;
			buildSettings = {
				ALWAYS_SEARCH_USER_PATHS = NO;
				CLANG_ANALYZER_NONNULL = YES;
				CLANG_ANALYZER_NUMBER_OBJECT_CONVERSION = YES_AGGRESSIVE;
				CLANG_CXX_LANGUAGE_STANDARD = "gnu++17";
				CLANG_ENABLE_MODULES = YES;
				CLANG_ENABLE_OBJC_ARC = YES;
				CLANG_ENABLE_OBJC_WEAK = YES;
				CLANG_WARN_BLOCK_CAPTURE_AUTORELEASING = YES;
				CLANG_WARN_BOOL_CONVERSION = YES;
				CLANG_WARN_COMMA = YES;
				CLANG_WARN_CONSTANT_CONVERSION = YES;
				CLANG_WARN_DEPRECATED_OBJC_IMPLEMENTATIONS = YES;
				CLANG_WARN_DIRECT_OBJC_ISA_USAGE = YES_ERROR;
				CLANG_WARN_DOCUMENTATION_COMMENTS = YES;
				CLANG_WARN_EMPTY_BODY = YES;
				CLANG_WARN_ENUM_CONVERSION = YES;
				CLANG_WARN_INFINITE_RECURSION = YES;
				CLANG_WARN_INT_CONVERSION = YES;
				CLANG_WARN_NON_LITERAL_NULL_CONVERSION = YES;
				CLANG_WARN_OBJC_IMPLICIT_RETAIN_SELF = YES;
				CLANG_WARN_OBJC_LITERAL_CONVERSION = YES;
				CLANG_WARN_OBJC_ROOT_CLASS = YES_ERROR;
				CLANG_WARN_QUOTED_INCLUDE_IN_FRAMEWORK_HEADER = YES;
				CLANG_WARN_RANGE_LOOP_ANALYSIS = YES;
				CLANG_WARN_STRICT_PROTOTYPES = YES;
				CLANG_WARN_SUSPICIOUS_MOVE = YES;
				CLANG_WARN_UNGUARDED_AVAILABILITY = YES_AGGRESSIVE;
				CLANG_WARN_UNREACHABLE_CODE = YES;
				CLANG_WARN__DUPLICATE_METHOD_MATCH = YES;
				COPY_PHASE_STRIP = NO;
				DEBUG_INFORMATION_FORMAT = dwarf;
				ENABLE_STRICT_OBJC_MSGSEND = YES;
				ENABLE_TESTABILITY = YES;
				GCC_C_LANGUAGE_STANDARD = gnu11;
				GCC_DYNAMIC_NO_PIC = NO;
				GCC_NO_COMMON_BLOCKS = YES;
				GCC_OPTIMIZATION_LEVEL = 0;
				GCC_PREPROCESSOR_DEFINITIONS = (
					"DEBUG=1",
					"$(inherited)",
				);
				GCC_WARN_64_TO_32_BIT_CONVERSION = YES;
				GCC_WARN_ABOUT_RETURN_TYPE = YES_ERROR;
				GCC_WARN_UNDECLARED_SELECTOR = YES;
				GCC_WARN_UNINITIALIZED_AUTOS = YES_AGGRESSIVE;
				GCC_WARN_UNUSED_FUNCTION = YES;
				GCC_WARN_UNUSED_VARIABLE = YES;
				IPHONEOS_DEPLOYMENT_TARGET = 15.5;
				MTL_ENABLE_DEBUG_INFO = INCLUDE_SOURCE;
				MTL_FAST_MATH = YES;
				ONLY_ACTIVE_ARCH = YES;
				SDKROOT = iphoneos;
				SWIFT_ACTIVE_COMPILATION_CONDITIONS = DEBUG;
				SWIFT_OPTIMIZATION_LEVEL = "-Onone";
			};
			name = Debug;
		};
		847A039228C25548000239F9 /* Release */ = {
			isa = XCBuildConfiguration;
			buildSettings = {
				ALWAYS_SEARCH_USER_PATHS = NO;
				CLANG_ANALYZER_NONNULL = YES;
				CLANG_ANALYZER_NUMBER_OBJECT_CONVERSION = YES_AGGRESSIVE;
				CLANG_CXX_LANGUAGE_STANDARD = "gnu++17";
				CLANG_ENABLE_MODULES = YES;
				CLANG_ENABLE_OBJC_ARC = YES;
				CLANG_ENABLE_OBJC_WEAK = YES;
				CLANG_WARN_BLOCK_CAPTURE_AUTORELEASING = YES;
				CLANG_WARN_BOOL_CONVERSION = YES;
				CLANG_WARN_COMMA = YES;
				CLANG_WARN_CONSTANT_CONVERSION = YES;
				CLANG_WARN_DEPRECATED_OBJC_IMPLEMENTATIONS = YES;
				CLANG_WARN_DIRECT_OBJC_ISA_USAGE = YES_ERROR;
				CLANG_WARN_DOCUMENTATION_COMMENTS = YES;
				CLANG_WARN_EMPTY_BODY = YES;
				CLANG_WARN_ENUM_CONVERSION = YES;
				CLANG_WARN_INFINITE_RECURSION = YES;
				CLANG_WARN_INT_CONVERSION = YES;
				CLANG_WARN_NON_LITERAL_NULL_CONVERSION = YES;
				CLANG_WARN_OBJC_IMPLICIT_RETAIN_SELF = YES;
				CLANG_WARN_OBJC_LITERAL_CONVERSION = YES;
				CLANG_WARN_OBJC_ROOT_CLASS = YES_ERROR;
				CLANG_WARN_QUOTED_INCLUDE_IN_FRAMEWORK_HEADER = YES;
				CLANG_WARN_RANGE_LOOP_ANALYSIS = YES;
				CLANG_WARN_STRICT_PROTOTYPES = YES;
				CLANG_WARN_SUSPICIOUS_MOVE = YES;
				CLANG_WARN_UNGUARDED_AVAILABILITY = YES_AGGRESSIVE;
				CLANG_WARN_UNREACHABLE_CODE = YES;
				CLANG_WARN__DUPLICATE_METHOD_MATCH = YES;
				COPY_PHASE_STRIP = NO;
				DEBUG_INFORMATION_FORMAT = "dwarf-with-dsym";
				ENABLE_NS_ASSERTIONS = NO;
				ENABLE_STRICT_OBJC_MSGSEND = YES;
				GCC_C_LANGUAGE_STANDARD = gnu11;
				GCC_NO_COMMON_BLOCKS = YES;
				GCC_WARN_64_TO_32_BIT_CONVERSION = YES;
				GCC_WARN_ABOUT_RETURN_TYPE = YES_ERROR;
				GCC_WARN_UNDECLARED_SELECTOR = YES;
				GCC_WARN_UNINITIALIZED_AUTOS = YES_AGGRESSIVE;
				GCC_WARN_UNUSED_FUNCTION = YES;
				GCC_WARN_UNUSED_VARIABLE = YES;
				IPHONEOS_DEPLOYMENT_TARGET = 15.5;
				MTL_ENABLE_DEBUG_INFO = NO;
				MTL_FAST_MATH = YES;
				SDKROOT = iphoneos;
				SWIFT_COMPILATION_MODE = wholemodule;
				SWIFT_OPTIMIZATION_LEVEL = "-O";
				VALIDATE_PRODUCT = YES;
			};
			name = Release;
		};
		847A039428C25548000239F9 /* Debug */ = {
			isa = XCBuildConfiguration;
			buildSettings = {
				ASSETCATALOG_COMPILER_APPICON_NAME = AppIcon;
				ASSETCATALOG_COMPILER_GLOBAL_ACCENT_COLOR_NAME = AccentColor;
				CODE_SIGN_STYLE = Automatic;
				CURRENT_PROJECT_VERSION = 1;
				GENERATE_INFOPLIST_FILE = YES;
				INFOPLIST_FILE = "2.10- AutoLayout and Stack Calculator Project/Info.plist";
				INFOPLIST_KEY_UIApplicationSupportsIndirectInputEvents = YES;
				INFOPLIST_KEY_UILaunchStoryboardName = LaunchScreen;
				INFOPLIST_KEY_UIMainStoryboardFile = Main;
				INFOPLIST_KEY_UISupportedInterfaceOrientations_iPad = "UIInterfaceOrientationPortrait UIInterfaceOrientationPortraitUpsideDown UIInterfaceOrientationLandscapeLeft UIInterfaceOrientationLandscapeRight";
				INFOPLIST_KEY_UISupportedInterfaceOrientations_iPhone = "UIInterfaceOrientationPortrait UIInterfaceOrientationLandscapeLeft UIInterfaceOrientationLandscapeRight";
				LD_RUNPATH_SEARCH_PATHS = (
					"$(inherited)",
					"@executable_path/Frameworks",
				);
				MARKETING_VERSION = 1.0;
				PRODUCT_BUNDLE_IDENTIFIER = "com.amismith.--10--AutoLayout-and-Stack-Calculator-Project";
				PRODUCT_NAME = "$(TARGET_NAME)";
				SWIFT_EMIT_LOC_STRINGS = YES;
				SWIFT_VERSION = 5.0;
				TARGETED_DEVICE_FAMILY = "1,2";
			};
			name = Debug;
		};
		847A039528C25548000239F9 /* Release */ = {
			isa = XCBuildConfiguration;
			buildSettings = {
				ASSETCATALOG_COMPILER_APPICON_NAME = AppIcon;
				ASSETCATALOG_COMPILER_GLOBAL_ACCENT_COLOR_NAME = AccentColor;
				CODE_SIGN_STYLE = Automatic;
				CURRENT_PROJECT_VERSION = 1;
				GENERATE_INFOPLIST_FILE = YES;
				INFOPLIST_FILE = "2.10- AutoLayout and Stack Calculator Project/Info.plist";
				INFOPLIST_KEY_UIApplicationSupportsIndirectInputEvents = YES;
				INFOPLIST_KEY_UILaunchStoryboardName = LaunchScreen;
				INFOPLIST_KEY_UIMainStoryboardFile = Main;
				INFOPLIST_KEY_UISupportedInterfaceOrientations_iPad = "UIInterfaceOrientationPortrait UIInterfaceOrientationPortraitUpsideDown UIInterfaceOrientationLandscapeLeft UIInterfaceOrientationLandscapeRight";
				INFOPLIST_KEY_UISupportedInterfaceOrientations_iPhone = "UIInterfaceOrientationPortrait UIInterfaceOrientationLandscapeLeft UIInterfaceOrientationLandscapeRight";
				LD_RUNPATH_SEARCH_PATHS = (
					"$(inherited)",
					"@executable_path/Frameworks",
				);
				MARKETING_VERSION = 1.0;
				PRODUCT_BUNDLE_IDENTIFIER = "com.amismith.--10--AutoLayout-and-Stack-Calculator-Project";
				PRODUCT_NAME = "$(TARGET_NAME)";
				SWIFT_EMIT_LOC_STRINGS = YES;
				SWIFT_VERSION = 5.0;
				TARGETED_DEVICE_FAMILY = "1,2";
			};
			name = Release;
		};
		847A039728C25548000239F9 /* Debug */ = {
			isa = XCBuildConfiguration;
			buildSettings = {
				ALWAYS_EMBED_SWIFT_STANDARD_LIBRARIES = YES;
				BUNDLE_LOADER = "$(TEST_HOST)";
				CODE_SIGN_STYLE = Automatic;
				CURRENT_PROJECT_VERSION = 1;
				GENERATE_INFOPLIST_FILE = YES;
				IPHONEOS_DEPLOYMENT_TARGET = 15.5;
				MARKETING_VERSION = 1.0;
				PRODUCT_BUNDLE_IDENTIFIER = "com.amismith.--10--AutoLayout-and-Stack-Calculator-ProjectTests";
				PRODUCT_NAME = "$(TARGET_NAME)";
				SWIFT_EMIT_LOC_STRINGS = NO;
				SWIFT_VERSION = 5.0;
				TARGETED_DEVICE_FAMILY = "1,2";
				TEST_HOST = "$(BUILT_PRODUCTS_DIR)/2.10- AutoLayout and Stack Calculator Project.app/2.10- AutoLayout and Stack Calculator Project";
			};
			name = Debug;
		};
		847A039828C25548000239F9 /* Release */ = {
			isa = XCBuildConfiguration;
			buildSettings = {
				ALWAYS_EMBED_SWIFT_STANDARD_LIBRARIES = YES;
				BUNDLE_LOADER = "$(TEST_HOST)";
				CODE_SIGN_STYLE = Automatic;
				CURRENT_PROJECT_VERSION = 1;
				GENERATE_INFOPLIST_FILE = YES;
				IPHONEOS_DEPLOYMENT_TARGET = 15.5;
				MARKETING_VERSION = 1.0;
				PRODUCT_BUNDLE_IDENTIFIER = "com.amismith.--10--AutoLayout-and-Stack-Calculator-ProjectTests";
				PRODUCT_NAME = "$(TARGET_NAME)";
				SWIFT_EMIT_LOC_STRINGS = NO;
				SWIFT_VERSION = 5.0;
				TARGETED_DEVICE_FAMILY = "1,2";
				TEST_HOST = "$(BUILT_PRODUCTS_DIR)/2.10- AutoLayout and Stack Calculator Project.app/2.10- AutoLayout and Stack Calculator Project";
			};
			name = Release;
		};
		847A039A28C25548000239F9 /* Debug */ = {
			isa = XCBuildConfiguration;
			buildSettings = {
				ALWAYS_EMBED_SWIFT_STANDARD_LIBRARIES = YES;
				CODE_SIGN_STYLE = Automatic;
				CURRENT_PROJECT_VERSION = 1;
				GENERATE_INFOPLIST_FILE = YES;
				MARKETING_VERSION = 1.0;
				PRODUCT_BUNDLE_IDENTIFIER = "com.amismith.--10--AutoLayout-and-Stack-Calculator-ProjectUITests";
				PRODUCT_NAME = "$(TARGET_NAME)";
				SWIFT_EMIT_LOC_STRINGS = NO;
				SWIFT_VERSION = 5.0;
				TARGETED_DEVICE_FAMILY = "1,2";
				TEST_TARGET_NAME = "2.10- AutoLayout and Stack Calculator Project";
			};
			name = Debug;
		};
		847A039B28C25548000239F9 /* Release */ = {
			isa = XCBuildConfiguration;
			buildSettings = {
				ALWAYS_EMBED_SWIFT_STANDARD_LIBRARIES = YES;
				CODE_SIGN_STYLE = Automatic;
				CURRENT_PROJECT_VERSION = 1;
				GENERATE_INFOPLIST_FILE = YES;
				MARKETING_VERSION = 1.0;
				PRODUCT_BUNDLE_IDENTIFIER = "com.amismith.--10--AutoLayout-and-Stack-Calculator-ProjectUITests";
				PRODUCT_NAME = "$(TARGET_NAME)";
				SWIFT_EMIT_LOC_STRINGS = NO;
				SWIFT_VERSION = 5.0;
				TARGETED_DEVICE_FAMILY = "1,2";
				TEST_TARGET_NAME = "2.10- AutoLayout and Stack Calculator Project";
			};
			name = Release;
		};
/* End XCBuildConfiguration section */

/* Begin XCConfigurationList section */
		847A036428C25546000239F9 /* Build configuration list for PBXProject "2.10- AutoLayout and Stack Calculator Project" */ = {
			isa = XCConfigurationList;
			buildConfigurations = (
				847A039128C25548000239F9 /* Debug */,
				847A039228C25548000239F9 /* Release */,
			);
			defaultConfigurationIsVisible = 0;
			defaultConfigurationName = Release;
		};
		847A039328C25548000239F9 /* Build configuration list for PBXNativeTarget "2.10- AutoLayout and Stack Calculator Project" */ = {
			isa = XCConfigurationList;
			buildConfigurations = (
				847A039428C25548000239F9 /* Debug */,
				847A039528C25548000239F9 /* Release */,
			);
			defaultConfigurationIsVisible = 0;
			defaultConfigurationName = Release;
		};
		847A039628C25548000239F9 /* Build configuration list for PBXNativeTarget "2.10- AutoLayout and Stack Calculator ProjectTests" */ = {
			isa = XCConfigurationList;
			buildConfigurations = (
				847A039728C25548000239F9 /* Debug */,
				847A039828C25548000239F9 /* Release */,
			);
			defaultConfigurationIsVisible = 0;
			defaultConfigurationName = Release;
		};
		847A039928C25548000239F9 /* Build configuration list for PBXNativeTarget "2.10- AutoLayout and Stack Calculator ProjectUITests" */ = {
			isa = XCConfigurationList;
			buildConfigurations = (
				847A039A28C25548000239F9 /* Debug */,
				847A039B28C25548000239F9 /* Release */,
			);
			defaultConfigurationIsVisible = 0;
			defaultConfigurationName = Release;
		};
/* End XCConfigurationList section */
	};
	rootObject = 847A036128C25546000239F9 /* Project object */;
}
